
Microsoft Visual Studio Solution File, Format Version 12.00
# Visual Studio Version 17
VisualStudioVersion = 17.2.32526.322
MinimumVisualStudioVersion = 10.0.40219.1
Project("{FAE04EC0-301F-11D3-BF4B-00C04F79EFBC}") = "Test-PreInterview-1", "Test-PreInterview-1\Test-PreInterview-1.csproj", "{F5644948-AF0F-4115-83EF-099430D9FA00}"
EndProject
Global
	GlobalSection(SolutionConfigurationPlatforms) = preSolution
		Debug|Any CPU = Debug|Any CPU
		Release|Any CPU = Release|Any CPU
	EndGlobalSection
	GlobalSection(ProjectConfigurationPlatforms) = postSolution
		{F5644948-AF0F-4115-83EF-099430D9FA00}.Debug|Any CPU.ActiveCfg = Debug|Any CPU
		{F5644948-AF0F-4115-83EF-099430D9FA00}.Debug|Any CPU.Build.0 = Debug|Any CPU
		{F5644948-AF0F-4115-83EF-099430D9FA00}.Release|Any CPU.ActiveCfg = Release|Any CPU
		{F5644948-AF0F-4115-83EF-099430D9FA00}.Release|Any CPU.Build.0 = Release|Any CPU
	EndGlobalSection
	GlobalSection(SolutionProperties) = preSolution
		HideSolutionNode = FALSE
	EndGlobalSection
	GlobalSection(ExtensibilityGlobals) = postSolution
		SolutionGuid = {0BE343CD-6A34-4EE9-8541-77608F265FAE}
	EndGlobalSection
EndGlobal
